
Microsoft Visual Studio Solution File, Format Version 12.00
# Visual Studio Version 17
VisualStudioVersion = 17.10.35122.118
MinimumVisualStudioVersion = 10.0.40219.1
Project("{FAE04EC0-301F-11D3-BF4B-00C04F79EFBC}") = "GameZone", "GameZone\GameZone.csproj", "{FAE98265-4FE5-45D3-A3F1-6D7D21DD16A5}"
EndProject
Global
	GlobalSection(SolutionConfigurationPlatforms) = preSolution
		Debug|Any CPU = Debug|Any CPU
		Release|Any CPU = Release|Any CPU
	EndGlobalSection
	GlobalSection(ProjectConfigurationPlatforms) = postSolution
		{FAE98265-4FE5-45D3-A3F1-6D7D21DD16A5}.Debug|Any CPU.ActiveCfg = Debug|Any CPU
		{FAE98265-4FE5-45D3-A3F1-6D7D21DD16A5}.Debug|Any CPU.Build.0 = Debug|Any CPU
		{FAE98265-4FE5-45D3-A3F1-6D7D21DD16A5}.Release|Any CPU.ActiveCfg = Release|Any CPU
		{FAE98265-4FE5-45D3-A3F1-6D7D21DD16A5}.Release|Any CPU.Build.0 = Release|Any CPU
	EndGlobalSection
	GlobalSection(SolutionProperties) = preSolution
		HideSolutionNode = FALSE
	EndGlobalSection
	GlobalSection(ExtensibilityGlobals) = postSolution
		SolutionGuid = {6708FE71-2E18-4F04-8238-040C0FA812AB}
	EndGlobalSection
EndGlobal
